Microsoft Visual Studio Solution File, Format Version 12.00
# Visual Studio 15
VisualStudioVersion = 15.0.27130.2027
MinimumVisualStudioVersion = 10.0.40219.1
Project("{9A19103F-16F7-4668-BE54-9A1E7A4F7556}") = "AaronLuna.Common", "aaronluna-common\AaronLuna.Common\AaronLuna.Common.csproj", "{F7B7591A-2B52-460E-B9DD-D261A6DBD997}"
EndProject
Project("{9A19103F-16F7-4668-BE54-9A1E7A4F7556}") = "AaronLuna.ConsoleProgressBar", "console-progress-bar\ConsoleProgressBar\AaronLuna.ConsoleProgressBar.csproj", "{30F997A9-5FFA-45A0-8197-3BC28C3680F1}"
EndProject
Project("{9A19103F-16F7-4668-BE54-9A1E7A4F7556}") = "AaronLuna.Crypto", "dotnetcore-crypto\AaronLuna.Crypto\AaronLuna.Crypto.csproj", "{14904674-1645-45BF-9C02-3AC712E7AE10}"
EndProject
Project("{9A19103F-16F7-4668-BE54-9A1E7A4F7556}") = "AaronLuna.Crypto.SHA3", "dotnetcore-crypto\AaronLuna.Crypto.SHA3\AaronLuna.Crypto.SHA3.csproj", "{1C6634F2-EC18-4F43-B5DC-F5F7CF640253}"
EndProject
Project("{9A19103F-16F7-4668-BE54-9A1E7A4F7556}") = "AaronLuna.Crypto.Test", "dotnetcore-crypto\AaronLuna.Crypto.Test\AaronLuna.Crypto.Test.csproj", "{A7412707-3229-40E7-A18D-205B2E3CC2E4}"
EndProject
Project("{2150E333-8FDC-42A3-9474-1A3956D46DE8}") = "CI", "CI", "{7DA78DE7-AC82-4F3D-A449-DFD80BF26D50}"
	ProjectSection(SolutionItems) = preProject
		.travis.yml = .travis.yml
		appveyor.yml = appveyor.yml
	EndProjectSection
EndProject
Project("{FAE04EC0-301F-11D3-BF4B-00C04F79EFBC}") = "AaronLuna.AsyncSocketServer", "AaronLuna.AsyncSocketServer\AaronLuna.AsyncSocketServer.csproj", "{6362835D-A719-4C14-91A5-5CD22CF0B249}"
EndProject
Project("{FAE04EC0-301F-11D3-BF4B-00C04F79EFBC}") = "AaronLuna.AsyncSocketServerTest", "AaronLuna.AsyncSocketServerTest\AaronLuna.AsyncSocketServerTest.csproj", "{2B99E14F-454F-4166-AFBC-06FB794799DB}"
EndProject
Project("{FAE04EC0-301F-11D3-BF4B-00C04F79EFBC}") = "AaronLuna.AsyncSocketServer.CLI", "AaronLuna.AsyncSocketServer.CLI\AaronLuna.AsyncSocketServer.CLI.csproj", "{5C94958B-7288-423B-885D-FA24ABAF65B4}"
EndProject
Global
	GlobalSection(SolutionConfigurationPlatforms) = preSolution
		Debug|Any CPU = Debug|Any CPU
		Release|Any CPU = Release|Any CPU
	EndGlobalSection
	GlobalSection(ProjectConfigurationPlatforms) = postSolution
		{F7B7591A-2B52-460E-B9DD-D261A6DBD997}.Debug|Any CPU.ActiveCfg = Debug|Any CPU
		{F7B7591A-2B52-460E-B9DD-D261A6DBD997}.Debug|Any CPU.Build.0 = Debug|Any CPU
		{F7B7591A-2B52-460E-B9DD-D261A6DBD997}.Release|Any CPU.ActiveCfg = Release|Any CPU
		{F7B7591A-2B52-460E-B9DD-D261A6DBD997}.Release|Any CPU.Build.0 = Release|Any CPU
		{30F997A9-5FFA-45A0-8197-3BC28C3680F1}.Debug|Any CPU.ActiveCfg = Debug|Any CPU
		{30F997A9-5FFA-45A0-8197-3BC28C3680F1}.Debug|Any CPU.Build.0 = Debug|Any CPU
		{30F997A9-5FFA-45A0-8197-3BC28C3680F1}.Release|Any CPU.ActiveCfg = Release|Any CPU
		{30F997A9-5FFA-45A0-8197-3BC28C3680F1}.Release|Any CPU.Build.0 = Release|Any CPU
		{14904674-1645-45BF-9C02-3AC712E7AE10}.Debug|Any CPU.ActiveCfg = Debug|Any CPU
		{14904674-1645-45BF-9C02-3AC712E7AE10}.Debug|Any CPU.Build.0 = Debug|Any CPU
		{14904674-1645-45BF-9C02-3AC712E7AE10}.Release|Any CPU.ActiveCfg = Release|Any CPU
		{14904674-1645-45BF-9C02-3AC712E7AE10}.Release|Any CPU.Build.0 = Release|Any CPU
		{1C6634F2-EC18-4F43-B5DC-F5F7CF640253}.Debug|Any CPU.ActiveCfg = Debug|Any CPU
		{1C6634F2-EC18-4F43-B5DC-F5F7CF640253}.Debug|Any CPU.Build.0 = Debug|Any CPU
		{1C6634F2-EC18-4F43-B5DC-F5F7CF640253}.Release|Any CPU.ActiveCfg = Release|Any CPU
		{1C6634F2-EC18-4F43-B5DC-F5F7CF640253}.Release|Any CPU.Build.0 = Release|Any CPU
		{A7412707-3229-40E7-A18D-205B2E3CC2E4}.Debug|Any CPU.ActiveCfg = Debug|Any CPU
		{A7412707-3229-40E7-A18D-205B2E3CC2E4}.Debug|Any CPU.Build.0 = Debug|Any CPU
		{A7412707-3229-40E7-A18D-205B2E3CC2E4}.Release|Any CPU.ActiveCfg = Release|Any CPU
		{A7412707-3229-40E7-A18D-205B2E3CC2E4}.Release|Any CPU.Build.0 = Release|Any CPU
		{6362835D-A719-4C14-91A5-5CD22CF0B249}.Debug|Any CPU.ActiveCfg = Debug|Any CPU
		{6362835D-A719-4C14-91A5-5CD22CF0B249}.Debug|Any CPU.Build.0 = Debug|Any CPU
		{6362835D-A719-4C14-91A5-5CD22CF0B249}.Release|Any CPU.ActiveCfg = Release|Any CPU
		{6362835D-A719-4C14-91A5-5CD22CF0B249}.Release|Any CPU.Build.0 = Release|Any CPU
		{2B99E14F-454F-4166-AFBC-06FB794799DB}.Debug|Any CPU.ActiveCfg = Debug|Any CPU
		{2B99E14F-454F-4166-AFBC-06FB794799DB}.Debug|Any CPU.Build.0 = Debug|Any CPU
		{2B99E14F-454F-4166-AFBC-06FB794799DB}.Release|Any CPU.ActiveCfg = Release|Any CPU
		{2B99E14F-454F-4166-AFBC-06FB794799DB}.Release|Any CPU.Build.0 = Release|Any CPU
		{5C94958B-7288-423B-885D-FA24ABAF65B4}.Debug|Any CPU.ActiveCfg = Debug|Any CPU
		{5C94958B-7288-423B-885D-FA24ABAF65B4}.Debug|Any CPU.Build.0 = Debug|Any CPU
		{5C94958B-7288-423B-885D-FA24ABAF65B4}.Release|Any CPU.ActiveCfg = Release|Any CPU
		{5C94958B-7288-423B-885D-FA24ABAF65B4}.Release|Any CPU.Build.0 = Release|Any CPU
	EndGlobalSection
	GlobalSection(SolutionProperties) = preSolution
		HideSolutionNode = FALSE
	EndGlobalSection
	GlobalSection(ExtensibilityGlobals) = postSolution
		SolutionGuid = {7E04E7EA-4C17-4523-91A4-B88092C29B00}
	EndGlobalSection
EndGlobal
