Microsoft Visual Studio Solution File, Format Version 12.00
# Visual Studio 15
VisualStudioVersion = 15.0.27130.2027
MinimumVisualStudioVersion = 10.0.40219.1
Project("{9A19103F-16F7-4668-BE54-9A1E7A4F7556}") = "TplSocketServer", "TplSocketServer\TplSocketServer.csproj", "{CFC28D80-A4A8-4D79-9D9F-EE517F30272F}"
EndProject
Project("{9A19103F-16F7-4668-BE54-9A1E7A4F7556}") = "TplSocketServerTest", "TplSocketServerTest\TplSocketServerTest.csproj", "{0AC8BE80-3D69-496F-865F-F4168396FF65}"
EndProject
Project("{FAE04EC0-301F-11D3-BF4B-00C04F79EFBC}") = "ServerConsole", "ServerConsole\ServerConsole.csproj", "{60EFC6B8-5E4D-420E-BE87-D6AB9FA5F7CE}"
EndProject
Global
	GlobalSection(SolutionConfigurationPlatforms) = preSolution
		Debug|Any CPU = Debug|Any CPU
		Release|Any CPU = Release|Any CPU
	EndGlobalSection
	GlobalSection(ProjectConfigurationPlatforms) = postSolution
		{CFC28D80-A4A8-4D79-9D9F-EE517F30272F}.Debug|Any CPU.ActiveCfg = Debug|Any CPU
		{CFC28D80-A4A8-4D79-9D9F-EE517F30272F}.Debug|Any CPU.Build.0 = Debug|Any CPU
		{CFC28D80-A4A8-4D79-9D9F-EE517F30272F}.Release|Any CPU.ActiveCfg = Release|Any CPU
		{CFC28D80-A4A8-4D79-9D9F-EE517F30272F}.Release|Any CPU.Build.0 = Release|Any CPU
		{0AC8BE80-3D69-496F-865F-F4168396FF65}.Debug|Any CPU.ActiveCfg = Debug|Any CPU
		{0AC8BE80-3D69-496F-865F-F4168396FF65}.Debug|Any CPU.Build.0 = Debug|Any CPU
		{0AC8BE80-3D69-496F-865F-F4168396FF65}.Release|Any CPU.ActiveCfg = Release|Any CPU
		{0AC8BE80-3D69-496F-865F-F4168396FF65}.Release|Any CPU.Build.0 = Release|Any CPU
		{60EFC6B8-5E4D-420E-BE87-D6AB9FA5F7CE}.Debug|Any CPU.ActiveCfg = Debug|Any CPU
		{60EFC6B8-5E4D-420E-BE87-D6AB9FA5F7CE}.Debug|Any CPU.Build.0 = Debug|Any CPU
		{60EFC6B8-5E4D-420E-BE87-D6AB9FA5F7CE}.Release|Any CPU.ActiveCfg = Release|Any CPU
		{60EFC6B8-5E4D-420E-BE87-D6AB9FA5F7CE}.Release|Any CPU.Build.0 = Release|Any CPU
	EndGlobalSection
	GlobalSection(SolutionProperties) = preSolution
		HideSolutionNode = FALSE
	EndGlobalSection
	GlobalSection(ExtensibilityGlobals) = postSolution
		SolutionGuid = {7E04E7EA-4C17-4523-91A4-B88092C29B00}
	EndGlobalSection
EndGlobal
